
Microsoft Visual Studio Solution File, Format Version 12.00
# Visual Studio Version 17
VisualStudioVersion = 17.7.34031.279
MinimumVisualStudioVersion = 10.0.40219.1
Project("{FAE04EC0-301F-11D3-BF4B-00C04F79EFBC}") = "Hardware", "Hardware\Hardware.csproj", "{FF2CD97F-61DE-4EFF-83A1-FA829566E86D}"
EndProject
Global
	GlobalSection(SolutionConfigurationPlatforms) = preSolution
		Debug|Any CPU = Debug|Any CPU
		Release|Any CPU = Release|Any CPU
	EndGlobalSection
	GlobalSection(ProjectConfigurationPlatforms) = postSolution
		{FF2CD97F-61DE-4EFF-83A1-FA829566E86D}.Debug|Any CPU.ActiveCfg = Debug|Any CPU
		{FF2CD97F-61DE-4EFF-83A1-FA829566E86D}.Debug|Any CPU.Build.0 = Debug|Any CPU
		{FF2CD97F-61DE-4EFF-83A1-FA829566E86D}.Release|Any CPU.ActiveCfg = Release|Any CPU
		{FF2CD97F-61DE-4EFF-83A1-FA829566E86D}.Release|Any CPU.Build.0 = Release|Any CPU
	EndGlobalSection
	GlobalSection(SolutionProperties) = preSolution
		HideSolutionNode = FALSE
	EndGlobalSection
	GlobalSection(ExtensibilityGlobals) = postSolution
		SolutionGuid = {616FC727-56C8-4389-A8BE-1D55FDCFF4A8}
	EndGlobalSection
EndGlobal
